
Microsoft Visual Studio Solution File, Format Version 12.00
# Visual Studio Version 16
VisualStudioVersion = 16.0.30907.101
MinimumVisualStudioVersion = 10.0.40219.1
Project("{FAE04EC0-301F-11D3-BF4B-00C04F79EFBC}") = "Sozluk", "Sozluk\Sozluk.csproj", "{D3CE36E0-E60F-43FF-AB04-FB6C332A9127}"
EndProject
Global
	GlobalSection(SolutionConfigurationPlatforms) = preSolution
		Debug|Any CPU = Debug|Any CPU
		Release|Any CPU = Release|Any CPU
	EndGlobalSection
	GlobalSection(ProjectConfigurationPlatforms) = postSolution
		{D3CE36E0-E60F-43FF-AB04-FB6C332A9127}.Debug|Any CPU.ActiveCfg = Debug|Any CPU
		{D3CE36E0-E60F-43FF-AB04-FB6C332A9127}.Debug|Any CPU.Build.0 = Debug|Any CPU
		{D3CE36E0-E60F-43FF-AB04-FB6C332A9127}.Release|Any CPU.ActiveCfg = Release|Any CPU
		{D3CE36E0-E60F-43FF-AB04-FB6C332A9127}.Release|Any CPU.Build.0 = Release|Any CPU
	EndGlobalSection
	GlobalSection(SolutionProperties) = preSolution
		HideSolutionNode = FALSE
	EndGlobalSection
	GlobalSection(ExtensibilityGlobals) = postSolution
		SolutionGuid = {DB0C5A01-9855-46D8-9D73-FEA848E30172}
	EndGlobalSection
EndGlobal
